// !$*UTF8*$!
{
	archiveVersion = 1;
	classes = {
	};
	objectVersion = 56;
	objects = {

/* Begin PBXBuildFile section */
		630450C72B0D8E22004E54C3 /* QuestionView.swift in Sources */ = {isa = PBXBuildFile; fileRef = 630450C62B0D8E22004E54C3 /* QuestionView.swift */; };
		630450C92B0D8E7A004E54C3 /* QuizStruct.swift in Sources */ = {isa = PBXBuildFile; fileRef = 630450C82B0D8E7A004E54C3 /* QuizStruct.swift */; };
		630450CD2B0D8F03004E54C3 /* QuizViewModel.swift in Sources */ = {isa = PBXBuildFile; fileRef = 630450CC2B0D8F03004E54C3 /* QuizViewModel.swift */; };
		630450D22B0D8F6C004E54C3 /* NavBar.swift in Sources */ = {isa = PBXBuildFile; fileRef = 630450D12B0D8F6C004E54C3 /* NavBar.swift */; };
		630450D42B0D8FBD004E54C3 /* Question Struct.swift in Sources */ = {isa = PBXBuildFile; fileRef = 630450D32B0D8FBD004E54C3 /* Question Struct.swift */; };
		630450D62B0D8FEE004E54C3 /* Quiz Page.swift in Sources */ = {isa = PBXBuildFile; fileRef = 630450D52B0D8FEE004E54C3 /* Quiz Page.swift */; };
		630450D82B0D9000004E54C3 /* Quiz Setting Page.swift in Sources */ = {isa = PBXBuildFile; fileRef = 630450D72B0D9000004E54C3 /* Quiz Setting Page.swift */; };
		630450DA2B0D9099004E54C3 /* Save Quiz Result.swift in Sources */ = {isa = PBXBuildFile; fileRef = 630450D92B0D9099004E54C3 /* Save Quiz Result.swift */; };
		630450DC2B0D90D7004E54C3 /* Results Page.swift in Sources */ = {isa = PBXBuildFile; fileRef = 630450DB2B0D90D7004E54C3 /* Results Page.swift */; };
		630450DE2B0D9112004E54C3 /* Quiz Start.swift in Sources */ = {isa = PBXBuildFile; fileRef = 630450DD2B0D9112004E54C3 /* Quiz Start.swift */; };
		630450E02B0D9146004E54C3 /* Quiz Result View Model.swift in Sources */ = {isa = PBXBuildFile; fileRef = 630450DF2B0D9146004E54C3 /* Quiz Result View Model.swift */; };
		630450E22B0D9170004E54C3 /* Quiz Result View.swift in Sources */ = {isa = PBXBuildFile; fileRef = 630450E12B0D9170004E54C3 /* Quiz Result View.swift */; };
		630450E42B0D91AE004E54C3 /* Quiz Result Model.swift in Sources */ = {isa = PBXBuildFile; fileRef = 630450E32B0D91AE004E54C3 /* Quiz Result Model.swift */; };
		630450E62B0F3657004E54C3 /* GoogleService-Info.plist in Resources */ = {isa = PBXBuildFile; fileRef = 630450E52B0F3657004E54C3 /* GoogleService-Info.plist */; };
		630450E92B0F37D6004E54C3 /* FirebaseAnalytics in Frameworks */ = {isa = PBXBuildFile; productRef = 630450E82B0F37D6004E54C3 /* FirebaseAnalytics */; };
		630450EB2B0F37D6004E54C3 /* FirebaseAnalyticsOnDeviceConversion in Frameworks */ = {isa = PBXBuildFile; productRef = 630450EA2B0F37D6004E54C3 /* FirebaseAnalyticsOnDeviceConversion */; };
		630450ED2B0F37D6004E54C3 /* FirebaseAnalyticsSwift in Frameworks */ = {isa = PBXBuildFile; productRef = 630450EC2B0F37D6004E54C3 /* FirebaseAnalyticsSwift */; };
		630450EF2B0F37D6004E54C3 /* FirebaseAnalyticsWithoutAdIdSupport in Frameworks */ = {isa = PBXBuildFile; productRef = 630450EE2B0F37D6004E54C3 /* FirebaseAnalyticsWithoutAdIdSupport */; };
		630450F12B0F37D6004E54C3 /* FirebaseAppCheck in Frameworks */ = {isa = PBXBuildFile; productRef = 630450F02B0F37D6004E54C3 /* FirebaseAppCheck */; };
		630450F32B0F37D6004E54C3 /* FirebaseAppDistribution-Beta in Frameworks */ = {isa = PBXBuildFile; productRef = 630450F22B0F37D6004E54C3 /* FirebaseAppDistribution-Beta */; };
		630450F52B0F37D6004E54C3 /* FirebaseAuth in Frameworks */ = {isa = PBXBuildFile; productRef = 630450F42B0F37D6004E54C3 /* FirebaseAuth */; };
		630450F72B0F37D6004E54C3 /* FirebaseAuthCombine-Community in Frameworks */ = {isa = PBXBuildFile; productRef = 630450F62B0F37D6004E54C3 /* FirebaseAuthCombine-Community */; };
		630450F92B0F37D6004E54C3 /* FirebaseCrashlytics in Frameworks */ = {isa = PBXBuildFile; productRef = 630450F82B0F37D6004E54C3 /* FirebaseCrashlytics */; };
		630450FB2B0F37D6004E54C3 /* FirebaseDatabase in Frameworks */ = {isa = PBXBuildFile; productRef = 630450FA2B0F37D6004E54C3 /* FirebaseDatabase */; };
		630450FD2B0F37D6004E54C3 /* FirebaseDatabaseSwift in Frameworks */ = {isa = PBXBuildFile; productRef = 630450FC2B0F37D6004E54C3 /* FirebaseDatabaseSwift */; };
		630450FF2B0F37D6004E54C3 /* FirebaseDynamicLinks in Frameworks */ = {isa = PBXBuildFile; productRef = 630450FE2B0F37D6004E54C3 /* FirebaseDynamicLinks */; };
		630451012B0F37D6004E54C3 /* FirebaseFirestore in Frameworks */ = {isa = PBXBuildFile; productRef = 630451002B0F37D6004E54C3 /* FirebaseFirestore */; };
		630451032B0F37D6004E54C3 /* FirebaseFirestoreCombine-Community in Frameworks */ = {isa = PBXBuildFile; productRef = 630451022B0F37D6004E54C3 /* FirebaseFirestoreCombine-Community */; };
		630451052B0F37D6004E54C3 /* FirebaseFirestoreSwift in Frameworks */ = {isa = PBXBuildFile; productRef = 630451042B0F37D6004E54C3 /* FirebaseFirestoreSwift */; };
		630451072B0F37D6004E54C3 /* FirebaseFunctions in Frameworks */ = {isa = PBXBuildFile; productRef = 630451062B0F37D6004E54C3 /* FirebaseFunctions */; };
		630451092B0F37D6004E54C3 /* FirebaseFunctionsCombine-Community in Frameworks */ = {isa = PBXBuildFile; productRef = 630451082B0F37D6004E54C3 /* FirebaseFunctionsCombine-Community */; };
		6304510B2B0F37D6004E54C3 /* FirebaseInAppMessaging-Beta in Frameworks */ = {isa = PBXBuildFile; productRef = 6304510A2B0F37D6004E54C3 /* FirebaseInAppMessaging-Beta */; };
		6304510D2B0F37D6004E54C3 /* FirebaseInAppMessagingSwift-Beta in Frameworks */ = {isa = PBXBuildFile; productRef = 6304510C2B0F37D6004E54C3 /* FirebaseInAppMessagingSwift-Beta */; };
		6304510F2B0F37D6004E54C3 /* FirebaseInstallations in Frameworks */ = {isa = PBXBuildFile; productRef = 6304510E2B0F37D6004E54C3 /* FirebaseInstallations */; };
		630451112B0F37D6004E54C3 /* FirebaseMLModelDownloader in Frameworks */ = {isa = PBXBuildFile; productRef = 630451102B0F37D6004E54C3 /* FirebaseMLModelDownloader */; };
		630451132B0F37D6004E54C3 /* FirebaseMessaging in Frameworks */ = {isa = PBXBuildFile; productRef = 630451122B0F37D6004E54C3 /* FirebaseMessaging */; };
		630451152B0F37D6004E54C3 /* FirebasePerformance in Frameworks */ = {isa = PBXBuildFile; productRef = 630451142B0F37D6004E54C3 /* FirebasePerformance */; };
		630451172B0F37D6004E54C3 /* FirebaseRemoteConfig in Frameworks */ = {isa = PBXBuildFile; productRef = 630451162B0F37D6004E54C3 /* FirebaseRemoteConfig */; };
		630451192B0F37D6004E54C3 /* FirebaseRemoteConfigSwift in Frameworks */ = {isa = PBXBuildFile; productRef = 630451182B0F37D6004E54C3 /* FirebaseRemoteConfigSwift */; };
		6304511B2B0F37D6004E54C3 /* FirebaseStorage in Frameworks */ = {isa = PBXBuildFile; productRef = 6304511A2B0F37D6004E54C3 /* FirebaseStorage */; };
		6304511D2B0F37D6004E54C3 /* FirebaseStorageCombine-Community in Frameworks */ = {isa = PBXBuildFile; productRef = 6304511C2B0F37D6004E54C3 /* FirebaseStorageCombine-Community */; };
		634F20D42AE07AF500C40777 /* AlgoQuizTriviaApp.swift in Sources */ = {isa = PBXBuildFile; fileRef = 634F20D32AE07AF500C40777 /* AlgoQuizTriviaApp.swift */; };
		634F20D62AE07AF500C40777 /* ContentView.swift in Sources */ = {isa = PBXBuildFile; fileRef = 634F20D52AE07AF500C40777 /* ContentView.swift */; };
		634F20D82AE07AF600C40777 /* Assets.xcassets in Resources */ = {isa = PBXBuildFile; fileRef = 634F20D72AE07AF600C40777 /* Assets.xcassets */; };
		634F20DB2AE07AF600C40777 /* Preview Assets.xcassets in Resources */ = {isa = PBXBuildFile; fileRef = 634F20DA2AE07AF600C40777 /* Preview Assets.xcassets */; };
/* End PBXBuildFile section */

/* Begin PBXFileReference section */
		630450C62B0D8E22004E54C3 /* QuestionView.swift */ = {isa = PBXFileReference; lastKnownFileType = sourcecode.swift; path = QuestionView.swift; sourceTree = "<group>"; };
		630450C82B0D8E7A004E54C3 /* QuizStruct.swift */ = {isa = PBXFileReference; lastKnownFileType = sourcecode.swift; path = QuizStruct.swift; sourceTree = "<group>"; };
		630450CC2B0D8F03004E54C3 /* QuizViewModel.swift */ = {isa = PBXFileReference; lastKnownFileType = sourcecode.swift; path = QuizViewModel.swift; sourceTree = "<group>"; };
		630450D12B0D8F6C004E54C3 /* NavBar.swift */ = {isa = PBXFileReference; lastKnownFileType = sourcecode.swift; path = NavBar.swift; sourceTree = "<group>"; };
		630450D32B0D8FBD004E54C3 /* Question Struct.swift */ = {isa = PBXFileReference; lastKnownFileType = sourcecode.swift; path = "Question Struct.swift"; sourceTree = "<group>"; };
		630450D52B0D8FEE004E54C3 /* Quiz Page.swift */ = {isa = PBXFileReference; lastKnownFileType = sourcecode.swift; path = "Quiz Page.swift"; sourceTree = "<group>"; };
		630450D72B0D9000004E54C3 /* Quiz Setting Page.swift */ = {isa = PBXFileReference; lastKnownFileType = sourcecode.swift; path = "Quiz Setting Page.swift"; sourceTree = "<group>"; };
		630450D92B0D9099004E54C3 /* Save Quiz Result.swift */ = {isa = PBXFileReference; lastKnownFileType = sourcecode.swift; path = "Save Quiz Result.swift"; sourceTree = "<group>"; };
		630450DB2B0D90D7004E54C3 /* Results Page.swift */ = {isa = PBXFileReference; lastKnownFileType = sourcecode.swift; path = "Results Page.swift"; sourceTree = "<group>"; };
		630450DD2B0D9112004E54C3 /* Quiz Start.swift */ = {isa = PBXFileReference; lastKnownFileType = sourcecode.swift; path = "Quiz Start.swift"; sourceTree = "<group>"; };
		630450DF2B0D9146004E54C3 /* Quiz Result View Model.swift */ = {isa = PBXFileReference; lastKnownFileType = sourcecode.swift; path = "Quiz Result View Model.swift"; sourceTree = "<group>"; };
		630450E12B0D9170004E54C3 /* Quiz Result View.swift */ = {isa = PBXFileReference; lastKnownFileType = sourcecode.swift; path = "Quiz Result View.swift"; sourceTree = "<group>"; };
		630450E32B0D91AE004E54C3 /* Quiz Result Model.swift */ = {isa = PBXFileReference; lastKnownFileType = sourcecode.swift; path = "Quiz Result Model.swift"; sourceTree = "<group>"; };
		630450E52B0F3657004E54C3 /* GoogleService-Info.plist */ = {isa = PBXFileReference; fileEncoding = 4; lastKnownFileType = text.plist.xml; path = "GoogleService-Info.plist"; sourceTree = "<group>"; };
		634F20D02AE07AF500C40777 /* AlgoQuizTrivia.app */ = {isa = PBXFileReference; explicitFileType = wrapper.application; includeInIndex = 0; path = AlgoQuizTrivia.app; sourceTree = BUILT_PRODUCTS_DIR; };
		634F20D32AE07AF500C40777 /* AlgoQuizTriviaApp.swift */ = {isa = PBXFileReference; lastKnownFileType = sourcecode.swift; path = AlgoQuizTriviaApp.swift; sourceTree = "<group>"; };
		634F20D52AE07AF500C40777 /* ContentView.swift */ = {isa = PBXFileReference; lastKnownFileType = sourcecode.swift; path = ContentView.swift; sourceTree = "<group>"; };
		634F20D72AE07AF600C40777 /* Assets.xcassets */ = {isa = PBXFileReference; lastKnownFileType = folder.assetcatalog; path = Assets.xcassets; sourceTree = "<group>"; };
		634F20DA2AE07AF600C40777 /* Preview Assets.xcassets */ = {isa = PBXFileReference; lastKnownFileType = folder.assetcatalog; path = "Preview Assets.xcassets"; sourceTree = "<group>"; };
/* End PBXFileReference section */

/* Begin PBXFrameworksBuildPhase section */
		634F20CD2AE07AF500C40777 /* Frameworks */ = {
			isa = PBXFrameworksBuildPhase;
			buildActionMask = 2147483647;
			files = (
				630450FB2B0F37D6004E54C3 /* FirebaseDatabase in Frameworks */,
				630451092B0F37D6004E54C3 /* FirebaseFunctionsCombine-Community in Frameworks */,
				630451012B0F37D6004E54C3 /* FirebaseFirestore in Frameworks */,
				630450ED2B0F37D6004E54C3 /* FirebaseAnalyticsSwift in Frameworks */,
				630450E92B0F37D6004E54C3 /* FirebaseAnalytics in Frameworks */,
				630450EB2B0F37D6004E54C3 /* FirebaseAnalyticsOnDeviceConversion in Frameworks */,
				630451112B0F37D6004E54C3 /* FirebaseMLModelDownloader in Frameworks */,
				630451052B0F37D6004E54C3 /* FirebaseFirestoreSwift in Frameworks */,
				630450F12B0F37D6004E54C3 /* FirebaseAppCheck in Frameworks */,
				630450EF2B0F37D6004E54C3 /* FirebaseAnalyticsWithoutAdIdSupport in Frameworks */,
				630450F52B0F37D6004E54C3 /* FirebaseAuth in Frameworks */,
				630450F92B0F37D6004E54C3 /* FirebaseCrashlytics in Frameworks */,
				630451192B0F37D6004E54C3 /* FirebaseRemoteConfigSwift in Frameworks */,
				6304510B2B0F37D6004E54C3 /* FirebaseInAppMessaging-Beta in Frameworks */,
				630450FD2B0F37D6004E54C3 /* FirebaseDatabaseSwift in Frameworks */,
				630451072B0F37D6004E54C3 /* FirebaseFunctions in Frameworks */,
				6304511D2B0F37D6004E54C3 /* FirebaseStorageCombine-Community in Frameworks */,
				630451172B0F37D6004E54C3 /* FirebaseRemoteConfig in Frameworks */,
				630450F32B0F37D6004E54C3 /* FirebaseAppDistribution-Beta in Frameworks */,
				630450F72B0F37D6004E54C3 /* FirebaseAuthCombine-Community in Frameworks */,
				630451152B0F37D6004E54C3 /* FirebasePerformance in Frameworks */,
				6304510D2B0F37D6004E54C3 /* FirebaseInAppMessagingSwift-Beta in Frameworks */,
				6304511B2B0F37D6004E54C3 /* FirebaseStorage in Frameworks */,
				630450FF2B0F37D6004E54C3 /* FirebaseDynamicLinks in Frameworks */,
				630451032B0F37D6004E54C3 /* FirebaseFirestoreCombine-Community in Frameworks */,
				630451132B0F37D6004E54C3 /* FirebaseMessaging in Frameworks */,
				6304510F2B0F37D6004E54C3 /* FirebaseInstallations in Frameworks */,
			);
			runOnlyForDeploymentPostprocessing = 0;
		};
/* End PBXFrameworksBuildPhase section */

/* Begin PBXGroup section */
		630450CA2B0D8EAB004E54C3 /* Quiz Folder */ = {
			isa = PBXGroup;
			children = (
				630450C82B0D8E7A004E54C3 /* QuizStruct.swift */,
				630450CC2B0D8F03004E54C3 /* QuizViewModel.swift */,
			);
			path = "Quiz Folder";
			sourceTree = "<group>";
		};
		630450CB2B0D8EDA004E54C3 /* Question Folder */ = {
			isa = PBXGroup;
			children = (
				630450C62B0D8E22004E54C3 /* QuestionView.swift */,
				630450D32B0D8FBD004E54C3 /* Question Struct.swift */,
			);
			path = "Question Folder";
			sourceTree = "<group>";
		};
		630450CE2B0D8F37004E54C3 /* Quiz Result Folder */ = {
			isa = PBXGroup;
			children = (
				630450DF2B0D9146004E54C3 /* Quiz Result View Model.swift */,
				630450E12B0D9170004E54C3 /* Quiz Result View.swift */,
				630450E32B0D91AE004E54C3 /* Quiz Result Model.swift */,
			);
			path = "Quiz Result Folder";
			sourceTree = "<group>";
		};
		630450CF2B0D8F47004E54C3 /* Pages */ = {
			isa = PBXGroup;
			children = (
				630450D52B0D8FEE004E54C3 /* Quiz Page.swift */,
				630450D72B0D9000004E54C3 /* Quiz Setting Page.swift */,
				630450D92B0D9099004E54C3 /* Save Quiz Result.swift */,
				630450DB2B0D90D7004E54C3 /* Results Page.swift */,
				630450DD2B0D9112004E54C3 /* Quiz Start.swift */,
			);
			path = Pages;
			sourceTree = "<group>";
		};
		630450D02B0D8F51004E54C3 /* Nav Bar */ = {
			isa = PBXGroup;
			children = (
				630450D12B0D8F6C004E54C3 /* NavBar.swift */,
			);
			path = "Nav Bar";
			sourceTree = "<group>";
		};
		634F20C72AE07AF500C40777 = {
			isa = PBXGroup;
			children = (
				634F20D22AE07AF500C40777 /* AlgoQuizTrivia */,
				634F20D12AE07AF500C40777 /* Products */,
			);
			sourceTree = "<group>";
		};
		634F20D12AE07AF500C40777 /* Products */ = {
			isa = PBXGroup;
			children = (
				634F20D02AE07AF500C40777 /* AlgoQuizTrivia.app */,
			);
			name = Products;
			sourceTree = "<group>";
		};
		634F20D22AE07AF500C40777 /* AlgoQuizTrivia */ = {
			isa = PBXGroup;
			children = (
				630450D02B0D8F51004E54C3 /* Nav Bar */,
				630450CF2B0D8F47004E54C3 /* Pages */,
				630450CE2B0D8F37004E54C3 /* Quiz Result Folder */,
				630450CB2B0D8EDA004E54C3 /* Question Folder */,
				630450CA2B0D8EAB004E54C3 /* Quiz Folder */,
				634F20D32AE07AF500C40777 /* AlgoQuizTriviaApp.swift */,
				630450E52B0F3657004E54C3 /* GoogleService-Info.plist */,
				634F20D52AE07AF500C40777 /* ContentView.swift */,
				634F20D72AE07AF600C40777 /* Assets.xcassets */,
				634F20D92AE07AF600C40777 /* Preview Content */,
			);
			path = AlgoQuizTrivia;
			sourceTree = "<group>";
		};
		634F20D92AE07AF600C40777 /* Preview Content */ = {
			isa = PBXGroup;
			children = (
				634F20DA2AE07AF600C40777 /* Preview Assets.xcassets */,
			);
			path = "Preview Content";
			sourceTree = "<group>";
		};
/* End PBXGroup section */

/* Begin PBXNativeTarget section */
		634F20CF2AE07AF500C40777 /* AlgoQuizTrivia */ = {
			isa = PBXNativeTarget;
			buildConfigurationList = 634F20DE2AE07AF600C40777 /* Build configuration list for PBXNativeTarget "AlgoQuizTrivia" */;
			buildPhases = (
				634F20CC2AE07AF500C40777 /* Sources */,
				634F20CD2AE07AF500C40777 /* Frameworks */,
				634F20CE2AE07AF500C40777 /* Resources */,
			);
			buildRules = (
			);
			dependencies = (
			);
			name = AlgoQuizTrivia;
			packageProductDependencies = (
				630450E82B0F37D6004E54C3 /* FirebaseAnalytics */,
				630450EA2B0F37D6004E54C3 /* FirebaseAnalyticsOnDeviceConversion */,
				630450EC2B0F37D6004E54C3 /* FirebaseAnalyticsSwift */,
				630450EE2B0F37D6004E54C3 /* FirebaseAnalyticsWithoutAdIdSupport */,
				630450F02B0F37D6004E54C3 /* FirebaseAppCheck */,
				630450F22B0F37D6004E54C3 /* FirebaseAppDistribution-Beta */,
				630450F42B0F37D6004E54C3 /* FirebaseAuth */,
				630450F62B0F37D6004E54C3 /* FirebaseAuthCombine-Community */,
				630450F82B0F37D6004E54C3 /* FirebaseCrashlytics */,
				630450FA2B0F37D6004E54C3 /* FirebaseDatabase */,
				630450FC2B0F37D6004E54C3 /* FirebaseDatabaseSwift */,
				630450FE2B0F37D6004E54C3 /* FirebaseDynamicLinks */,
				630451002B0F37D6004E54C3 /* FirebaseFirestore */,
				630451022B0F37D6004E54C3 /* FirebaseFirestoreCombine-Community */,
				630451042B0F37D6004E54C3 /* FirebaseFirestoreSwift */,
				630451062B0F37D6004E54C3 /* FirebaseFunctions */,
				630451082B0F37D6004E54C3 /* FirebaseFunctionsCombine-Community */,
				6304510A2B0F37D6004E54C3 /* FirebaseInAppMessaging-Beta */,
				6304510C2B0F37D6004E54C3 /* FirebaseInAppMessagingSwift-Beta */,
				6304510E2B0F37D6004E54C3 /* FirebaseInstallations */,
				630451102B0F37D6004E54C3 /* FirebaseMLModelDownloader */,
				630451122B0F37D6004E54C3 /* FirebaseMessaging */,
				630451142B0F37D6004E54C3 /* FirebasePerformance */,
				630451162B0F37D6004E54C3 /* FirebaseRemoteConfig */,
				630451182B0F37D6004E54C3 /* FirebaseRemoteConfigSwift */,
				6304511A2B0F37D6004E54C3 /* FirebaseStorage */,
				6304511C2B0F37D6004E54C3 /* FirebaseStorageCombine-Community */,
			);
			productName = AlgoQuizTrivia;
			productReference = 634F20D02AE07AF500C40777 /* AlgoQuizTrivia.app */;
			productType = "com.apple.product-type.application";
		};
/* End PBXNativeTarget section */

/* Begin PBXProject section */
		634F20C82AE07AF500C40777 /* Project object */ = {
			isa = PBXProject;
			attributes = {
				BuildIndependentTargetsInParallel = 1;
				LastSwiftUpdateCheck = 1430;
				LastUpgradeCheck = 1430;
				TargetAttributes = {
					634F20CF2AE07AF500C40777 = {
						CreatedOnToolsVersion = 14.3.1;
					};
				};
			};
			buildConfigurationList = 634F20CB2AE07AF500C40777 /* Build configuration list for PBXProject "AlgoQuizTrivia" */;
			compatibilityVersion = "Xcode 14.0";
			developmentRegion = en;
			hasScannedForEncodings = 0;
			knownRegions = (
				en,
				Base,
			);
			mainGroup = 634F20C72AE07AF500C40777;
			packageReferences = (
				630450E72B0F37D6004E54C3 /* XCRemoteSwiftPackageReference "firebase-ios-sdk" */,
			);
			productRefGroup = 634F20D12AE07AF500C40777 /* Products */;
			projectDirPath = "";
			projectRoot = "";
			targets = (
				634F20CF2AE07AF500C40777 /* AlgoQuizTrivia */,
			);
		};
/* End PBXProject section */

/* Begin PBXResourcesBuildPhase section */
		634F20CE2AE07AF500C40777 /* Resources */ = {
			isa = PBXResourcesBuildPhase;
			buildActionMask = 2147483647;
			files = (
				634F20DB2AE07AF600C40777 /* Preview Assets.xcassets in Resources */,
				630450E62B0F3657004E54C3 /* GoogleService-Info.plist in Resources */,
				634F20D82AE07AF600C40777 /* Assets.xcassets in Resources */,
			);
			runOnlyForDeploymentPostprocessing = 0;
		};
/* End PBXResourcesBuildPhase section */

/* Begin PBXSourcesBuildPhase section */
		634F20CC2AE07AF500C40777 /* Sources */ = {
			isa = PBXSourcesBuildPhase;
			buildActionMask = 2147483647;
			files = (
				630450E42B0D91AE004E54C3 /* Quiz Result Model.swift in Sources */,
				630450DA2B0D9099004E54C3 /* Save Quiz Result.swift in Sources */,
				630450DC2B0D90D7004E54C3 /* Results Page.swift in Sources */,
				630450D62B0D8FEE004E54C3 /* Quiz Page.swift in Sources */,
				630450D42B0D8FBD004E54C3 /* Question Struct.swift in Sources */,
				630450E02B0D9146004E54C3 /* Quiz Result View Model.swift in Sources */,
				634F20D62AE07AF500C40777 /* ContentView.swift in Sources */,
				630450D82B0D9000004E54C3 /* Quiz Setting Page.swift in Sources */,
				630450C92B0D8E7A004E54C3 /* QuizStruct.swift in Sources */,
				630450C72B0D8E22004E54C3 /* QuestionView.swift in Sources */,
				630450CD2B0D8F03004E54C3 /* QuizViewModel.swift in Sources */,
				634F20D42AE07AF500C40777 /* AlgoQuizTriviaApp.swift in Sources */,
				630450DE2B0D9112004E54C3 /* Quiz Start.swift in Sources */,
				630450E22B0D9170004E54C3 /* Quiz Result View.swift in Sources */,
				630450D22B0D8F6C004E54C3 /* NavBar.swift in Sources */,
			);
			runOnlyForDeploymentPostprocessing = 0;
		};
/* End PBXSourcesBuildPhase section */

/* Begin XCBuildConfiguration section */
		634F20DC2AE07AF600C40777 /* Debug */ = {
			isa = XCBuildConfiguration;
			buildSettings = {
				ALWAYS_SEARCH_USER_PATHS = NO;
				CLANG_ANALYZER_NONNULL = YES;
				CLANG_ANALYZER_NUMBER_OBJECT_CONVERSION = YES_AGGRESSIVE;
				CLANG_CXX_LANGUAGE_STANDARD = "gnu++20";
				CLANG_ENABLE_MODULES = YES;
				CLANG_ENABLE_OBJC_ARC = YES;
				CLANG_ENABLE_OBJC_WEAK = YES;
				CLANG_WARN_BLOCK_CAPTURE_AUTORELEASING = YES;
				CLANG_WARN_BOOL_CONVERSION = YES;
				CLANG_WARN_COMMA = YES;
				CLANG_WARN_CONSTANT_CONVERSION = YES;
				CLANG_WARN_DEPRECATED_OBJC_IMPLEMENTATIONS = YES;
				CLANG_WARN_DIRECT_OBJC_ISA_USAGE = YES_ERROR;
				CLANG_WARN_DOCUMENTATION_COMMENTS = YES;
				CLANG_WARN_EMPTY_BODY = YES;
				CLANG_WARN_ENUM_CONVERSION = YES;
				CLANG_WARN_INFINITE_RECURSION = YES;
				CLANG_WARN_INT_CONVERSION = YES;
				CLANG_WARN_NON_LITERAL_NULL_CONVERSION = YES;
				CLANG_WARN_OBJC_IMPLICIT_RETAIN_SELF = YES;
				CLANG_WARN_OBJC_LITERAL_CONVERSION = YES;
				CLANG_WARN_OBJC_ROOT_CLASS = YES_ERROR;
				CLANG_WARN_QUOTED_INCLUDE_IN_FRAMEWORK_HEADER = YES;
				CLANG_WARN_RANGE_LOOP_ANALYSIS = YES;
				CLANG_WARN_STRICT_PROTOTYPES = YES;
				CLANG_WARN_SUSPICIOUS_MOVE = YES;
				CLANG_WARN_UNGUARDED_AVAILABILITY = YES_AGGRESSIVE;
				CLANG_WARN_UNREACHABLE_CODE = YES;
				CLANG_WARN__DUPLICATE_METHOD_MATCH = YES;
				COPY_PHASE_STRIP = NO;
				DEBUG_INFORMATION_FORMAT = dwarf;
				ENABLE_STRICT_OBJC_MSGSEND = YES;
				ENABLE_TESTABILITY = YES;
				GCC_C_LANGUAGE_STANDARD = gnu11;
				GCC_DYNAMIC_NO_PIC = NO;
				GCC_NO_COMMON_BLOCKS = YES;
				GCC_OPTIMIZATION_LEVEL = 0;
				GCC_PREPROCESSOR_DEFINITIONS = (
					"DEBUG=1",
					"$(inherited)",
				);
				GCC_WARN_64_TO_32_BIT_CONVERSION = YES;
				GCC_WARN_ABOUT_RETURN_TYPE = YES_ERROR;
				GCC_WARN_UNDECLARED_SELECTOR = YES;
				GCC_WARN_UNINITIALIZED_AUTOS = YES_AGGRESSIVE;
				GCC_WARN_UNUSED_FUNCTION = YES;
				GCC_WARN_UNUSED_VARIABLE = YES;
				IPHONEOS_DEPLOYMENT_TARGET = 16.4;
				MTL_ENABLE_DEBUG_INFO = INCLUDE_SOURCE;
				MTL_FAST_MATH = YES;
				ONLY_ACTIVE_ARCH = YES;
				SDKROOT = iphoneos;
				SWIFT_ACTIVE_COMPILATION_CONDITIONS = DEBUG;
				SWIFT_OPTIMIZATION_LEVEL = "-Onone";
			};
			name = Debug;
		};
		634F20DD2AE07AF600C40777 /* Release */ = {
			isa = XCBuildConfiguration;
			buildSettings = {
				ALWAYS_SEARCH_USER_PATHS = NO;
				CLANG_ANALYZER_NONNULL = YES;
				CLANG_ANALYZER_NUMBER_OBJECT_CONVERSION = YES_AGGRESSIVE;
				CLANG_CXX_LANGUAGE_STANDARD = "gnu++20";
				CLANG_ENABLE_MODULES = YES;
				CLANG_ENABLE_OBJC_ARC = YES;
				CLANG_ENABLE_OBJC_WEAK = YES;
				CLANG_WARN_BLOCK_CAPTURE_AUTORELEASING = YES;
				CLANG_WARN_BOOL_CONVERSION = YES;
				CLANG_WARN_COMMA = YES;
				CLANG_WARN_CONSTANT_CONVERSION = YES;
				CLANG_WARN_DEPRECATED_OBJC_IMPLEMENTATIONS = YES;
				CLANG_WARN_DIRECT_OBJC_ISA_USAGE = YES_ERROR;
				CLANG_WARN_DOCUMENTATION_COMMENTS = YES;
				CLANG_WARN_EMPTY_BODY = YES;
				CLANG_WARN_ENUM_CONVERSION = YES;
				CLANG_WARN_INFINITE_RECURSION = YES;
				CLANG_WARN_INT_CONVERSION = YES;
				CLANG_WARN_NON_LITERAL_NULL_CONVERSION = YES;
				CLANG_WARN_OBJC_IMPLICIT_RETAIN_SELF = YES;
				CLANG_WARN_OBJC_LITERAL_CONVERSION = YES;
				CLANG_WARN_OBJC_ROOT_CLASS = YES_ERROR;
				CLANG_WARN_QUOTED_INCLUDE_IN_FRAMEWORK_HEADER = YES;
				CLANG_WARN_RANGE_LOOP_ANALYSIS = YES;
				CLANG_WARN_STRICT_PROTOTYPES = YES;
				CLANG_WARN_SUSPICIOUS_MOVE = YES;
				CLANG_WARN_UNGUARDED_AVAILABILITY = YES_AGGRESSIVE;
				CLANG_WARN_UNREACHABLE_CODE = YES;
				CLANG_WARN__DUPLICATE_METHOD_MATCH = YES;
				COPY_PHASE_STRIP = NO;
				DEBUG_INFORMATION_FORMAT = "dwarf-with-dsym";
				ENABLE_NS_ASSERTIONS = NO;
				ENABLE_STRICT_OBJC_MSGSEND = YES;
				GCC_C_LANGUAGE_STANDARD = gnu11;
				GCC_NO_COMMON_BLOCKS = YES;
				GCC_WARN_64_TO_32_BIT_CONVERSION = YES;
				GCC_WARN_ABOUT_RETURN_TYPE = YES_ERROR;
				GCC_WARN_UNDECLARED_SELECTOR = YES;
				GCC_WARN_UNINITIALIZED_AUTOS = YES_AGGRESSIVE;
				GCC_WARN_UNUSED_FUNCTION = YES;
				GCC_WARN_UNUSED_VARIABLE = YES;
				IPHONEOS_DEPLOYMENT_TARGET = 16.4;
				MTL_ENABLE_DEBUG_INFO = NO;
				MTL_FAST_MATH = YES;
				SDKROOT = iphoneos;
				SWIFT_COMPILATION_MODE = wholemodule;
				SWIFT_OPTIMIZATION_LEVEL = "-O";
				VALIDATE_PRODUCT = YES;
			};
			name = Release;
		};
		634F20DF2AE07AF600C40777 /* Debug */ = {
			isa = XCBuildConfiguration;
			buildSettings = {
				ASSETCATALOG_COMPILER_APPICON_NAME = AppIcon;
				ASSETCATALOG_COMPILER_GLOBAL_ACCENT_COLOR_NAME = AccentColor;
				CODE_SIGN_STYLE = Automatic;
				CURRENT_PROJECT_VERSION = 1;
				DEVELOPMENT_ASSET_PATHS = "\"AlgoQuizTrivia/Preview Content\"";
				ENABLE_PREVIEWS = YES;
				GENERATE_INFOPLIST_FILE = YES;
				INFOPLIST_KEY_UIApplicationSceneManifest_Generation = YES;
				INFOPLIST_KEY_UIApplicationSupportsIndirectInputEvents = YES;
				INFOPLIST_KEY_UILaunchScreen_Generation = YES;
				INFOPLIST_KEY_UISupportedInterfaceOrientations_iPad = "UIInterfaceOrientationPortrait UIInterfaceOrientationPortraitUpsideDown UIInterfaceOrientationLandscapeLeft UIInterfaceOrientationLandscapeRight";
				INFOPLIST_KEY_UISupportedInterfaceOrientations_iPhone = "UIInterfaceOrientationPortrait UIInterfaceOrientationLandscapeLeft UIInterfaceOrientationLandscapeRight";
				LD_RUNPATH_SEARCH_PATHS = (
					"$(inherited)",
					"@executable_path/Frameworks",
				);
				MARKETING_VERSION = 1.0;
				PRODUCT_BUNDLE_IDENTIFIER = com.parent.AlgoQuizTrivia;
				PRODUCT_NAME = "$(TARGET_NAME)";
				SWIFT_EMIT_LOC_STRINGS = YES;
				SWIFT_VERSION = 5.0;
				TARGETED_DEVICE_FAMILY = "1,2";
			};
			name = Debug;
		};
		634F20E02AE07AF600C40777 /* Release */ = {
			isa = XCBuildConfiguration;
			buildSettings = {
				ASSETCATALOG_COMPILER_APPICON_NAME = AppIcon;
				ASSETCATALOG_COMPILER_GLOBAL_ACCENT_COLOR_NAME = AccentColor;
				CODE_SIGN_STYLE = Automatic;
				CURRENT_PROJECT_VERSION = 1;
				DEVELOPMENT_ASSET_PATHS = "\"AlgoQuizTrivia/Preview Content\"";
				ENABLE_PREVIEWS = YES;
				GENERATE_INFOPLIST_FILE = YES;
				INFOPLIST_KEY_UIApplicationSceneManifest_Generation = YES;
				INFOPLIST_KEY_UIApplicationSupportsIndirectInputEvents = YES;
				INFOPLIST_KEY_UILaunchScreen_Generation = YES;
				INFOPLIST_KEY_UISupportedInterfaceOrientations_iPad = "UIInterfaceOrientationPortrait UIInterfaceOrientationPortraitUpsideDown UIInterfaceOrientationLandscapeLeft UIInterfaceOrientationLandscapeRight";
				INFOPLIST_KEY_UISupportedInterfaceOrientations_iPhone = "UIInterfaceOrientationPortrait UIInterfaceOrientationLandscapeLeft UIInterfaceOrientationLandscapeRight";
				LD_RUNPATH_SEARCH_PATHS = (
					"$(inherited)",
					"@executable_path/Frameworks",
				);
				MARKETING_VERSION = 1.0;
				PRODUCT_BUNDLE_IDENTIFIER = com.parent.AlgoQuizTrivia;
				PRODUCT_NAME = "$(TARGET_NAME)";
				SWIFT_EMIT_LOC_STRINGS = YES;
				SWIFT_VERSION = 5.0;
				TARGETED_DEVICE_FAMILY = "1,2";
			};
			name = Release;
		};
/* End XCBuildConfiguration section */

/* Begin XCConfigurationList section */
		634F20CB2AE07AF500C40777 /* Build configuration list for PBXProject "AlgoQuizTrivia" */ = {
			isa = XCConfigurationList;
			buildConfigurations = (
				634F20DC2AE07AF600C40777 /* Debug */,
				634F20DD2AE07AF600C40777 /* Release */,
			);
			defaultConfigurationIsVisible = 0;
			defaultConfigurationName = Release;
		};
		634F20DE2AE07AF600C40777 /* Build configuration list for PBXNativeTarget "AlgoQuizTrivia" */ = {
			isa = XCConfigurationList;
			buildConfigurations = (
				634F20DF2AE07AF600C40777 /* Debug */,
				634F20E02AE07AF600C40777 /* Release */,
			);
			defaultConfigurationIsVisible = 0;
			defaultConfigurationName = Release;
		};
/* End XCConfigurationList section */

/* Begin XCRemoteSwiftPackageReference section */
		630450E72B0F37D6004E54C3 /* XCRemoteSwiftPackageReference "firebase-ios-sdk" */ = {
			isa = XCRemoteSwiftPackageReference;
			repositoryURL = "https://github.com/firebase/firebase-ios-sdk";
			requirement = {
				kind = upToNextMajorVersion;
				minimumVersion = 10.18.0;
			};
		};
/* End XCRemoteSwiftPackageReference section */

/* Begin XCSwiftPackageProductDependency section */
		630450E82B0F37D6004E54C3 /* FirebaseAnalytics */ = {
			isa = XCSwiftPackageProductDependency;
			package = 630450E72B0F37D6004E54C3 /* XCRemoteSwiftPackageReference "firebase-ios-sdk" */;
			productName = FirebaseAnalytics;
		};
		630450EA2B0F37D6004E54C3 /* FirebaseAnalyticsOnDeviceConversion */ = {
			isa = XCSwiftPackageProductDependency;
			package = 630450E72B0F37D6004E54C3 /* XCRemoteSwiftPackageReference "firebase-ios-sdk" */;
			productName = FirebaseAnalyticsOnDeviceConversion;
		};
		630450EC2B0F37D6004E54C3 /* FirebaseAnalyticsSwift */ = {
			isa = XCSwiftPackageProductDependency;
			package = 630450E72B0F37D6004E54C3 /* XCRemoteSwiftPackageReference "firebase-ios-sdk" */;
			productName = FirebaseAnalyticsSwift;
		};
		630450EE2B0F37D6004E54C3 /* FirebaseAnalyticsWithoutAdIdSupport */ = {
			isa = XCSwiftPackageProductDependency;
			package = 630450E72B0F37D6004E54C3 /* XCRemoteSwiftPackageReference "firebase-ios-sdk" */;
			productName = FirebaseAnalyticsWithoutAdIdSupport;
		};
		630450F02B0F37D6004E54C3 /* FirebaseAppCheck */ = {
			isa = XCSwiftPackageProductDependency;
			package = 630450E72B0F37D6004E54C3 /* XCRemoteSwiftPackageReference "firebase-ios-sdk" */;
			productName = FirebaseAppCheck;
		};
		630450F22B0F37D6004E54C3 /* FirebaseAppDistribution-Beta */ = {
			isa = XCSwiftPackageProductDependency;
			package = 630450E72B0F37D6004E54C3 /* XCRemoteSwiftPackageReference "firebase-ios-sdk" */;
			productName = "FirebaseAppDistribution-Beta";
		};
		630450F42B0F37D6004E54C3 /* FirebaseAuth */ = {
			isa = XCSwiftPackageProductDependency;
			package = 630450E72B0F37D6004E54C3 /* XCRemoteSwiftPackageReference "firebase-ios-sdk" */;
			productName = FirebaseAuth;
		};
		630450F62B0F37D6004E54C3 /* FirebaseAuthCombine-Community */ = {
			isa = XCSwiftPackageProductDependency;
			package = 630450E72B0F37D6004E54C3 /* XCRemoteSwiftPackageReference "firebase-ios-sdk" */;
			productName = "FirebaseAuthCombine-Community";
		};
		630450F82B0F37D6004E54C3 /* FirebaseCrashlytics */ = {
			isa = XCSwiftPackageProductDependency;
			package = 630450E72B0F37D6004E54C3 /* XCRemoteSwiftPackageReference "firebase-ios-sdk" */;
			productName = FirebaseCrashlytics;
		};
		630450FA2B0F37D6004E54C3 /* FirebaseDatabase */ = {
			isa = XCSwiftPackageProductDependency;
			package = 630450E72B0F37D6004E54C3 /* XCRemoteSwiftPackageReference "firebase-ios-sdk" */;
			productName = FirebaseDatabase;
		};
		630450FC2B0F37D6004E54C3 /* FirebaseDatabaseSwift */ = {
			isa = XCSwiftPackageProductDependency;
			package = 630450E72B0F37D6004E54C3 /* XCRemoteSwiftPackageReference "firebase-ios-sdk" */;
			productName = FirebaseDatabaseSwift;
		};
		630450FE2B0F37D6004E54C3 /* FirebaseDynamicLinks */ = {
			isa = XCSwiftPackageProductDependency;
			package = 630450E72B0F37D6004E54C3 /* XCRemoteSwiftPackageReference "firebase-ios-sdk" */;
			productName = FirebaseDynamicLinks;
		};
		630451002B0F37D6004E54C3 /* FirebaseFirestore */ = {
			isa = XCSwiftPackageProductDependency;
			package = 630450E72B0F37D6004E54C3 /* XCRemoteSwiftPackageReference "firebase-ios-sdk" */;
			productName = FirebaseFirestore;
		};
		630451022B0F37D6004E54C3 /* FirebaseFirestoreCombine-Community */ = {
			isa = XCSwiftPackageProductDependency;
			package = 630450E72B0F37D6004E54C3 /* XCRemoteSwiftPackageReference "firebase-ios-sdk" */;
			productName = "FirebaseFirestoreCombine-Community";
		};
		630451042B0F37D6004E54C3 /* FirebaseFirestoreSwift */ = {
			isa = XCSwiftPackageProductDependency;
			package = 630450E72B0F37D6004E54C3 /* XCRemoteSwiftPackageReference "firebase-ios-sdk" */;
			productName = FirebaseFirestoreSwift;
		};
		630451062B0F37D6004E54C3 /* FirebaseFunctions */ = {
			isa = XCSwiftPackageProductDependency;
			package = 630450E72B0F37D6004E54C3 /* XCRemoteSwiftPackageReference "firebase-ios-sdk" */;
			productName = FirebaseFunctions;
		};
		630451082B0F37D6004E54C3 /* FirebaseFunctionsCombine-Community */ = {
			isa = XCSwiftPackageProductDependency;
			package = 630450E72B0F37D6004E54C3 /* XCRemoteSwiftPackageReference "firebase-ios-sdk" */;
			productName = "FirebaseFunctionsCombine-Community";
		};
		6304510A2B0F37D6004E54C3 /* FirebaseInAppMessaging-Beta */ = {
			isa = XCSwiftPackageProductDependency;
			package = 630450E72B0F37D6004E54C3 /* XCRemoteSwiftPackageReference "firebase-ios-sdk" */;
			productName = "FirebaseInAppMessaging-Beta";
		};
		6304510C2B0F37D6004E54C3 /* FirebaseInAppMessagingSwift-Beta */ = {
			isa = XCSwiftPackageProductDependency;
			package = 630450E72B0F37D6004E54C3 /* XCRemoteSwiftPackageReference "firebase-ios-sdk" */;
			productName = "FirebaseInAppMessagingSwift-Beta";
		};
		6304510E2B0F37D6004E54C3 /* FirebaseInstallations */ = {
			isa = XCSwiftPackageProductDependency;
			package = 630450E72B0F37D6004E54C3 /* XCRemoteSwiftPackageReference "firebase-ios-sdk" */;
			productName = FirebaseInstallations;
		};
		630451102B0F37D6004E54C3 /* FirebaseMLModelDownloader */ = {
			isa = XCSwiftPackageProductDependency;
			package = 630450E72B0F37D6004E54C3 /* XCRemoteSwiftPackageReference "firebase-ios-sdk" */;
			productName = FirebaseMLModelDownloader;
		};
		630451122B0F37D6004E54C3 /* FirebaseMessaging */ = {
			isa = XCSwiftPackageProductDependency;
			package = 630450E72B0F37D6004E54C3 /* XCRemoteSwiftPackageReference "firebase-ios-sdk" */;
			productName = FirebaseMessaging;
		};
		630451142B0F37D6004E54C3 /* FirebasePerformance */ = {
			isa = XCSwiftPackageProductDependency;
			package = 630450E72B0F37D6004E54C3 /* XCRemoteSwiftPackageReference "firebase-ios-sdk" */;
			productName = FirebasePerformance;
		};
		630451162B0F37D6004E54C3 /* FirebaseRemoteConfig */ = {
			isa = XCSwiftPackageProductDependency;
			package = 630450E72B0F37D6004E54C3 /* XCRemoteSwiftPackageReference "firebase-ios-sdk" */;
			productName = FirebaseRemoteConfig;
		};
		630451182B0F37D6004E54C3 /* FirebaseRemoteConfigSwift */ = {
			isa = XCSwiftPackageProductDependency;
			package = 630450E72B0F37D6004E54C3 /* XCRemoteSwiftPackageReference "firebase-ios-sdk" */;
			productName = FirebaseRemoteConfigSwift;
		};
		6304511A2B0F37D6004E54C3 /* FirebaseStorage */ = {
			isa = XCSwiftPackageProductDependency;
			package = 630450E72B0F37D6004E54C3 /* XCRemoteSwiftPackageReference "firebase-ios-sdk" */;
			productName = FirebaseStorage;
		};
		6304511C2B0F37D6004E54C3 /* FirebaseStorageCombine-Community */ = {
			isa = XCSwiftPackageProductDependency;
			package = 630450E72B0F37D6004E54C3 /* XCRemoteSwiftPackageReference "firebase-ios-sdk" */;
			productName = "FirebaseStorageCombine-Community";
		};
/* End XCSwiftPackageProductDependency section */
	};
	rootObject = 634F20C82AE07AF500C40777 /* Project object */;
}
